{
  "nodes": {
    "flake-utils": {
      "inputs": {
        "systems": "systems"
      },
      "locked": {
        "lastModified": 1705309234,
        "narHash": "sha256-uNRRNRKmJyCRC/8y1RqBkqWBLM034y4qN7EprSdmgyA=",
        "owner": "numtide",
        "repo": "flake-utils",
        "rev": "1ef2e671c3b0c19053962c07dbda38332dcebf26",
        "type": "github"
      },
      "original": {
        "owner": "numtide",
        "repo": "flake-utils",
        "type": "github"
      }
    },
    "flake-utils_2": {
      "inputs": {
        "systems": "systems_2"
      },
      "locked": {
        "lastModified": 1705309234,
        "narHash": "sha256-uNRRNRKmJyCRC/8y1RqBkqWBLM034y4qN7EprSdmgyA=",
        "owner": "numtide",
        "repo": "flake-utils",
        "rev": "1ef2e671c3b0c19053962c07dbda38332dcebf26",
        "type": "github"
      },
      "original": {
        "owner": "numtide",
        "repo": "flake-utils",
        "type": "github"
      }
    },
    "flake-utils_3": {
      "inputs": {
        "systems": "systems_3"
      },
      "locked": {
        "lastModified": 1705309234,
        "narHash": "sha256-uNRRNRKmJyCRC/8y1RqBkqWBLM034y4qN7EprSdmgyA=",
        "owner": "numtide",
        "repo": "flake-utils",
        "rev": "1ef2e671c3b0c19053962c07dbda38332dcebf26",
        "type": "github"
      },
      "original": {
        "owner": "numtide",
        "repo": "flake-utils",
        "type": "github"
      }
    },
    "flake-utils_4": {
      "inputs": {
        "systems": "systems_4"
      },
      "locked": {
        "lastModified": 1705309234,
        "narHash": "sha256-uNRRNRKmJyCRC/8y1RqBkqWBLM034y4qN7EprSdmgyA=",
        "owner": "numtide",
        "repo": "flake-utils",
        "rev": "1ef2e671c3b0c19053962c07dbda38332dcebf26",
        "type": "github"
      },
      "original": {
        "owner": "numtide",
        "repo": "flake-utils",
        "type": "github"
      }
    },
    "flake-utils_5": {
      "inputs": {
        "systems": "systems_5"
      },
      "locked": {
        "lastModified": 1705309234,
        "narHash": "sha256-uNRRNRKmJyCRC/8y1RqBkqWBLM034y4qN7EprSdmgyA=",
        "owner": "numtide",
        "repo": "flake-utils",
        "rev": "1ef2e671c3b0c19053962c07dbda38332dcebf26",
        "type": "github"
      },
      "original": {
        "owner": "numtide",
        "repo": "flake-utils",
        "type": "github"
      }
    },
    "flake-utils_6": {
      "inputs": {
        "systems": "systems_6"
      },
      "locked": {
        "lastModified": 1705309234,
        "narHash": "sha256-uNRRNRKmJyCRC/8y1RqBkqWBLM034y4qN7EprSdmgyA=",
        "owner": "numtide",
        "repo": "flake-utils",
        "rev": "1ef2e671c3b0c19053962c07dbda38332dcebf26",
        "type": "github"
      },
      "original": {
        "owner": "numtide",
        "repo": "flake-utils",
        "type": "github"
      }
    },
    "flake-utils_7": {
      "inputs": {
        "systems": "systems_7"
      },
      "locked": {
        "lastModified": 1705309234,
        "narHash": "sha256-uNRRNRKmJyCRC/8y1RqBkqWBLM034y4qN7EprSdmgyA=",
        "owner": "numtide",
        "repo": "flake-utils",
        "rev": "1ef2e671c3b0c19053962c07dbda38332dcebf26",
        "type": "github"
      },
      "original": {
        "owner": "numtide",
        "repo": "flake-utils",
        "type": "github"
      }
    },
    "flake-utils_8": {
      "inputs": {
        "systems": "systems_8"
      },
      "locked": {
        "lastModified": 1705309234,
        "narHash": "sha256-uNRRNRKmJyCRC/8y1RqBkqWBLM034y4qN7EprSdmgyA=",
        "owner": "numtide",
        "repo": "flake-utils",
        "rev": "1ef2e671c3b0c19053962c07dbda38332dcebf26",
        "type": "github"
      },
      "original": {
        "owner": "numtide",
        "repo": "flake-utils",
        "type": "github"
      }
    },
    "livox-ros-driver": {
      "inputs": {
        "flake-utils": "flake-utils_2",
        "livox-sdk": "livox-sdk",
        "nix-ros-overlay": "nix-ros-overlay",
        "nixpkgs": "nixpkgs_2"
      },
      "locked": {
        "lastModified": 1707969556,
        "narHash": "sha256-cFOgJnA5Jo0xEtVpgQ1B6zhD0+R99+Ep13OgFaopwRI=",
        "owner": "purepani",
        "repo": "livox_ros_driver",
        "rev": "3d7682e4d3204f022f4de8729739cd53094cb450",
        "type": "github"
      },
      "original": {
        "owner": "purepani",
        "repo": "livox_ros_driver",
        "type": "github"
      }
    },
    "livox-sdk": {
      "inputs": {
        "flake-utils": "flake-utils_3",
        "nixpkgs": "nixpkgs"
      },
      "locked": {
        "lastModified": 1707426180,
        "narHash": "sha256-kyF6621GSFzEj+x/kIFbzUd/qdCGgS//DbbPVyQGA1g=",
        "owner": "purepani",
        "repo": "Livox-SDK",
        "rev": "8ee6e5fdc0a59c8b60ba23295f2b6a1a0e0a83c0",
        "type": "github"
      },
      "original": {
        "owner": "purepani",
        "repo": "Livox-SDK",
        "type": "github"
      }
    },
    "livox-sdk_2": {
      "inputs": {
        "flake-utils": "flake-utils_5",
        "nixpkgs": "nixpkgs_3"
      },
      "locked": {
        "lastModified": 1707426180,
        "narHash": "sha256-kyF6621GSFzEj+x/kIFbzUd/qdCGgS//DbbPVyQGA1g=",
        "owner": "purepani",
        "repo": "Livox-SDK",
        "rev": "8ee6e5fdc0a59c8b60ba23295f2b6a1a0e0a83c0",
        "type": "github"
      },
      "original": {
        "owner": "purepani",
        "repo": "Livox-SDK",
        "type": "github"
      }
    },
    "livox_laser_simulation": {
      "inputs": {
        "flake-utils": "flake-utils_6",
        "nix-ros-overlay": "nix-ros-overlay_2",
        "nixpkgs": "nixpkgs_4"
      },
      "locked": {
        "lastModified": 1707978178,
        "narHash": "sha256-DP8HqMkX9l6h/PcrcSf5jGKKuy8HcQZqmgktW1Pm3C8=",
        "owner": "purepani",
        "repo": "livox_laser_simulation",
        "rev": "7a9d6a340f1783fa598a01c44b41def4238ee9f8",
        "type": "github"
      },
      "original": {
        "owner": "purepani",
        "repo": "livox_laser_simulation",
        "type": "github"
      }
    },
    "nix-ros-overlay": {
      "inputs": {
        "flake-utils": "flake-utils_4",
        "nixpkgs": [
          "livox-ros-driver",
          "nixpkgs"
        ]
      },
      "locked": {
        "lastModified": 1707588628,
        "narHash": "sha256-2suIXkfQrOtPeLanj9IE/LD8gLe8oBwOUXeG8pbJrEA=",
        "owner": "lopsided98",
        "repo": "nix-ros-overlay",
        "rev": "9f53d85d2a20447f67048a85e5e79e8753dce327",
        "type": "github"
      },
      "original": {
        "owner": "lopsided98",
        "repo": "nix-ros-overlay",
        "type": "github"
      }
    },
    "nix-ros-overlay_2": {
      "inputs": {
        "flake-utils": "flake-utils_7",
        "nixpkgs": [
          "livox_laser_simulation",
          "nixpkgs"
        ]
      },
      "locked": {
        "lastModified": 1707588628,
        "narHash": "sha256-2suIXkfQrOtPeLanj9IE/LD8gLe8oBwOUXeG8pbJrEA=",
        "owner": "lopsided98",
        "repo": "nix-ros-overlay",
        "rev": "9f53d85d2a20447f67048a85e5e79e8753dce327",
        "type": "github"
      },
      "original": {
        "owner": "lopsided98",
        "repo": "nix-ros-overlay",
        "type": "github"
      }
    },
    "nix-ros-overlay_3": {
      "inputs": {
        "flake-utils": "flake-utils_8",
        "nixpkgs": "nixpkgs_5"
      },
      "locked": {
        "lastModified": 1707588628,
        "narHash": "sha256-2suIXkfQrOtPeLanj9IE/LD8gLe8oBwOUXeG8pbJrEA=",
        "owner": "lopsided98",
        "repo": "nix-ros-overlay",
        "rev": "9f53d85d2a20447f67048a85e5e79e8753dce327",
        "type": "github"
      },
      "original": {
        "owner": "lopsided98",
        "repo": "nix-ros-overlay",
        "type": "github"
      }
    },
    "nixpkgs": {
      "locked": {
        "lastModified": 1706006310,
        "narHash": "sha256-nDPz0fj0IFcDhSTlXBU2aixcnGs2Jm4Zcuoj0QtmiXQ=",
        "owner": "NixOS",
        "repo": "nixpkgs",
        "rev": "b43bb235efeab5324c5e486882ef46749188eee2",
        "type": "github"
      },
      "original": {
        "owner": "NixOS",
        "ref": "nixpkgs-unstable",
        "repo": "nixpkgs",
        "type": "github"
      }
    },
    "nixpkgs_2": {
      "locked": {
        "lastModified": 1707907779,
        "narHash": "sha256-dtktfFJn+36yBkZ1mnQGdiDsqnzC9pXt/Ecpsui0hiY=",
        "owner": "NixOS",
        "repo": "nixpkgs",
        "rev": "c5e9528855e4e6feda2b16dec28de880ce774b93",
        "type": "github"
      },
      "original": {
        "owner": "NixOS",
        "ref": "nixpkgs-unstable",
        "repo": "nixpkgs",
        "type": "github"
      }
    },
    "nixpkgs_3": {
      "locked": {
        "lastModified": 1706006310,
        "narHash": "sha256-nDPz0fj0IFcDhSTlXBU2aixcnGs2Jm4Zcuoj0QtmiXQ=",
        "owner": "NixOS",
        "repo": "nixpkgs",
        "rev": "b43bb235efeab5324c5e486882ef46749188eee2",
        "type": "github"
      },
      "original": {
        "owner": "NixOS",
        "ref": "nixpkgs-unstable",
        "repo": "nixpkgs",
        "type": "github"
      }
    },
    "nixpkgs_4": {
      "locked": {
        "lastModified": 1707907779,
        "narHash": "sha256-dtktfFJn+36yBkZ1mnQGdiDsqnzC9pXt/Ecpsui0hiY=",
        "owner": "NixOS",
        "repo": "nixpkgs",
        "rev": "c5e9528855e4e6feda2b16dec28de880ce774b93",
        "type": "github"
      },
      "original": {
        "owner": "NixOS",
        "ref": "nixpkgs-unstable",
        "repo": "nixpkgs",
        "type": "github"
      }
    },
    "nixpkgs_5": {
      "locked": {
        "lastModified": 1707268954,
        "narHash": "sha256-2en1kvde3cJVc3ZnTy8QeD2oKcseLFjYPLKhIGDanQ0=",
        "owner": "lopsided98",
        "repo": "nixpkgs",
        "rev": "f8e2ebd66d097614d51a56a755450d4ae1632df1",
        "type": "github"
      },
      "original": {
        "owner": "lopsided98",
        "ref": "nix-ros",
        "repo": "nixpkgs",
        "type": "github"
      }
    },
    "nixpkgs_6": {
      "locked": {
        "lastModified": 1707907779,
        "narHash": "sha256-dtktfFJn+36yBkZ1mnQGdiDsqnzC9pXt/Ecpsui0hiY=",
        "owner": "NixOS",
        "repo": "nixpkgs",
        "rev": "c5e9528855e4e6feda2b16dec28de880ce774b93",
        "type": "github"
      },
      "original": {
        "owner": "NixOS",
        "ref": "nixpkgs-unstable",
        "repo": "nixpkgs",
        "type": "github"
      }
    },
    "root": {
      "inputs": {
        "flake-utils": "flake-utils",
        "livox-ros-driver": "livox-ros-driver",
        "livox-sdk": "livox-sdk_2",
        "livox_laser_simulation": "livox_laser_simulation",
        "nix-ros-overlay": "nix-ros-overlay_3",
        "nixpkgs": "nixpkgs_6"
      }
    },
    "systems": {
      "locked": {
        "lastModified": 1681028828,
        "narHash": "sha256-Vy1rq5AaRuLzOxct8nz4T6wlgyUR7zLU309k9mBC768=",
        "owner": "nix-systems",
        "repo": "default",
        "rev": "da67096a3b9bf56a91d16901293e51ba5b49a27e",
        "type": "github"
      },
      "original": {
        "owner": "nix-systems",
        "repo": "default",
        "type": "github"
      }
    },
    "systems_2": {
      "locked": {
        "lastModified": 1681028828,
        "narHash": "sha256-Vy1rq5AaRuLzOxct8nz4T6wlgyUR7zLU309k9mBC768=",
        "owner": "nix-systems",
        "repo": "default",
        "rev": "da67096a3b9bf56a91d16901293e51ba5b49a27e",
        "type": "github"
      },
      "original": {
        "owner": "nix-systems",
        "repo": "default",
        "type": "github"
      }
    },
    "systems_3": {
      "locked": {
        "lastModified": 1681028828,
        "narHash": "sha256-Vy1rq5AaRuLzOxct8nz4T6wlgyUR7zLU309k9mBC768=",
        "owner": "nix-systems",
        "repo": "default",
        "rev": "da67096a3b9bf56a91d16901293e51ba5b49a27e",
        "type": "github"
      },
      "original": {
        "owner": "nix-systems",
        "repo": "default",
        "type": "github"
      }
    },
    "systems_4": {
      "locked": {
        "lastModified": 1681028828,
        "narHash": "sha256-Vy1rq5AaRuLzOxct8nz4T6wlgyUR7zLU309k9mBC768=",
        "owner": "nix-systems",
        "repo": "default",
        "rev": "da67096a3b9bf56a91d16901293e51ba5b49a27e",
        "type": "github"
      },
      "original": {
        "owner": "nix-systems",
        "repo": "default",
        "type": "github"
      }
    },
    "systems_5": {
      "locked": {
        "lastModified": 1681028828,
        "narHash": "sha256-Vy1rq5AaRuLzOxct8nz4T6wlgyUR7zLU309k9mBC768=",
        "owner": "nix-systems",
        "repo": "default",
        "rev": "da67096a3b9bf56a91d16901293e51ba5b49a27e",
        "type": "github"
      },
      "original": {
        "owner": "nix-systems",
        "repo": "default",
        "type": "github"
      }
    },
    "systems_6": {
      "locked": {
        "lastModified": 1681028828,
        "narHash": "sha256-Vy1rq5AaRuLzOxct8nz4T6wlgyUR7zLU309k9mBC768=",
        "owner": "nix-systems",
        "repo": "default",
        "rev": "da67096a3b9bf56a91d16901293e51ba5b49a27e",
        "type": "github"
      },
      "original": {
        "owner": "nix-systems",
        "repo": "default",
        "type": "github"
      }
    },
    "systems_7": {
      "locked": {
        "lastModified": 1681028828,
        "narHash": "sha256-Vy1rq5AaRuLzOxct8nz4T6wlgyUR7zLU309k9mBC768=",
        "owner": "nix-systems",
        "repo": "default",
        "rev": "da67096a3b9bf56a91d16901293e51ba5b49a27e",
        "type": "github"
      },
      "original": {
        "owner": "nix-systems",
        "repo": "default",
        "type": "github"
      }
    },
    "systems_8": {
      "locked": {
        "lastModified": 1681028828,
        "narHash": "sha256-Vy1rq5AaRuLzOxct8nz4T6wlgyUR7zLU309k9mBC768=",
        "owner": "nix-systems",
        "repo": "default",
        "rev": "da67096a3b9bf56a91d16901293e51ba5b49a27e",
        "type": "github"
      },
      "original": {
        "owner": "nix-systems",
        "repo": "default",
        "type": "github"
      }
    }
  },
  "root": "root",
  "version": 7
}
